
Microsoft Visual Studio Solution File, Format Version 12.00
# Visual Studio Version 17
VisualStudioVersion = 17.3.32922.545
MinimumVisualStudioVersion = 10.0.40219.1
Project("{FAE04EC0-301F-11D3-BF4B-00C04F79EFBC}") = "GoogleAuthDemo", "GoogleAuthDemo.csproj", "{166E5770-F14D-4CD0-B066-E0DDEB9354D2}"
EndProject
Global
	GlobalSection(SolutionConfigurationPlatforms) = preSolution
		Debug|Any CPU = Debug|Any CPU
		Release|Any CPU = Release|Any CPU
	EndGlobalSection
	GlobalSection(ProjectConfigurationPlatforms) = postSolution
		{166E5770-F14D-4CD0-B066-E0DDEB9354D2}.Debug|Any CPU.ActiveCfg = Debug|Any CPU
		{166E5770-F14D-4CD0-B066-E0DDEB9354D2}.Debug|Any CPU.Build.0 = Debug|Any CPU
		{166E5770-F14D-4CD0-B066-E0DDEB9354D2}.Release|Any CPU.ActiveCfg = Release|Any CPU
		{166E5770-F14D-4CD0-B066-E0DDEB9354D2}.Release|Any CPU.Build.0 = Release|Any CPU
	EndGlobalSection
	GlobalSection(SolutionProperties) = preSolution
		HideSolutionNode = FALSE
	EndGlobalSection
	GlobalSection(ExtensibilityGlobals) = postSolution
		SolutionGuid = {315BF9FA-F018-4997-AD8B-C7D2D44D5621}
	EndGlobalSection
EndGlobal
